{
  "../lib/forge-std": {
    "rev": "1eea5bae12ae557d589f9f0f0edae2faa47cb262"
  },
  "../lib/halmos-cheatcodes": {
    "rev": "6da4e692c357ba6d641a2e677a28298cac9f76ab"
  },
  "../lib/openzeppelin-contracts": {
    "rev": "dbb6104ce834628e473d2173bbc9d47f81a9eec3"
  },
  "../lib/solady": {
    "rev": "4d4a7572ad01e84e96370e42bd10d1cc16c1fb65"
  },
  "../lib/solmate": {
    "rev": "bfc9c25865a274a7827fea5abf6e4fb64fc64e6c"
  }
}